{
  "requires": true,
  "lockfileVersion": 1,
  "dependencies": {
    "js-pinyin": {
      "version": "0.1.9",
      "resolved": "https://registry.npm.taobao.org/js-pinyin/download/js-pinyin-0.1.9.tgz",
      "integrity": "sha1-zfGTNWRd2yDUYw3xBYqsJdJWrf0="
    },
    "vuex": {
      "version": "3.6.2",
      "resolved": "https://registry.nlark.com/vuex/download/vuex-3.6.2.tgz",
      "integrity": "sha1-I2vAhqhww655lG8QfxbeWdWJXnE="
    }
  }
}
